// !$*UTF8*$!
{
	archiveVersion = 1;
	classes = {
	};
	objectVersion = 56;
	objects = {

/* Begin PBXBuildFile section */
		852664062BCBC8E600E3C7C2 /* MeetUpChallengeApp.swift in Sources */ = {isa = PBXBuildFile; fileRef = 852664052BCBC8E600E3C7C2 /* MeetUpChallengeApp.swift */; };
		852664082BCBC8E600E3C7C2 /* ContentView.swift in Sources */ = {isa = PBXBuildFile; fileRef = 852664072BCBC8E600E3C7C2 /* ContentView.swift */; };
		8526640A2BCBC8E800E3C7C2 /* Assets.xcassets in Resources */ = {isa = PBXBuildFile; fileRef = 852664092BCBC8E800E3C7C2 /* Assets.xcassets */; };
		8526640D2BCBC8E800E3C7C2 /* Preview Assets.xcassets in Resources */ = {isa = PBXBuildFile; fileRef = 8526640C2BCBC8E800E3C7C2 /* Preview Assets.xcassets */; };
		852664182BCBF44E00E3C7C2 /* Person.swift in Sources */ = {isa = PBXBuildFile; fileRef = 852664172BCBF44E00E3C7C2 /* Person.swift */; };
		8526641A2BCC007100E3C7C2 /* AddView.swift in Sources */ = {isa = PBXBuildFile; fileRef = 852664192BCC007100E3C7C2 /* AddView.swift */; };
		857C07F52BCE4365006B67C8 /* ContentView-ViewModel.swift in Sources */ = {isa = PBXBuildFile; fileRef = 857C07F42BCE4365006B67C8 /* ContentView-ViewModel.swift */; };
		857C07F72BCE43EF006B67C8 /* AddView-ViewModel.swift in Sources */ = {isa = PBXBuildFile; fileRef = 857C07F62BCE43EF006B67C8 /* AddView-ViewModel.swift */; };
		857C07F92BCE459A006B67C8 /* Filemanager-Extension.swift in Sources */ = {isa = PBXBuildFile; fileRef = 857C07F82BCE459A006B67C8 /* Filemanager-Extension.swift */; };
		857C07FB2BCE4E93006B67C8 /* DetailView.swift in Sources */ = {isa = PBXBuildFile; fileRef = 857C07FA2BCE4E93006B67C8 /* DetailView.swift */; };
		857C07FD2BCF8B5A006B67C8 /* LocationFetcher.swift in Sources */ = {isa = PBXBuildFile; fileRef = 857C07FC2BCF8B5A006B67C8 /* LocationFetcher.swift */; };
		857C07FF2BCF92C3006B67C8 /* Location.swift in Sources */ = {isa = PBXBuildFile; fileRef = 857C07FE2BCF92C3006B67C8 /* Location.swift */; };
/* End PBXBuildFile section */

/* Begin PBXFileReference section */
		852664022BCBC8E600E3C7C2 /* MeetUpChallenge.app */ = {isa = PBXFileReference; explicitFileType = wrapper.application; includeInIndex = 0; path = MeetUpChallenge.app; sourceTree = BUILT_PRODUCTS_DIR; };
		852664052BCBC8E600E3C7C2 /* MeetUpChallengeApp.swift */ = {isa = PBXFileReference; lastKnownFileType = sourcecode.swift; path = MeetUpChallengeApp.swift; sourceTree = "<group>"; };
		852664072BCBC8E600E3C7C2 /* ContentView.swift */ = {isa = PBXFileReference; lastKnownFileType = sourcecode.swift; path = ContentView.swift; sourceTree = "<group>"; };
		852664092BCBC8E800E3C7C2 /* Assets.xcassets */ = {isa = PBXFileReference; lastKnownFileType = folder.assetcatalog; path = Assets.xcassets; sourceTree = "<group>"; };
		8526640C2BCBC8E800E3C7C2 /* Preview Assets.xcassets */ = {isa = PBXFileReference; lastKnownFileType = folder.assetcatalog; path = "Preview Assets.xcassets"; sourceTree = "<group>"; };
		852664172BCBF44E00E3C7C2 /* Person.swift */ = {isa = PBXFileReference; lastKnownFileType = sourcecode.swift; path = Person.swift; sourceTree = "<group>"; };
		852664192BCC007100E3C7C2 /* AddView.swift */ = {isa = PBXFileReference; lastKnownFileType = sourcecode.swift; path = AddView.swift; sourceTree = "<group>"; };
		857C07F42BCE4365006B67C8 /* ContentView-ViewModel.swift */ = {isa = PBXFileReference; lastKnownFileType = sourcecode.swift; path = "ContentView-ViewModel.swift"; sourceTree = "<group>"; };
		857C07F62BCE43EF006B67C8 /* AddView-ViewModel.swift */ = {isa = PBXFileReference; lastKnownFileType = sourcecode.swift; path = "AddView-ViewModel.swift"; sourceTree = "<group>"; };
		857C07F82BCE459A006B67C8 /* Filemanager-Extension.swift */ = {isa = PBXFileReference; lastKnownFileType = sourcecode.swift; path = "Filemanager-Extension.swift"; sourceTree = "<group>"; };
		857C07FA2BCE4E93006B67C8 /* DetailView.swift */ = {isa = PBXFileReference; lastKnownFileType = sourcecode.swift; path = DetailView.swift; sourceTree = "<group>"; };
		857C07FC2BCF8B5A006B67C8 /* LocationFetcher.swift */ = {isa = PBXFileReference; lastKnownFileType = sourcecode.swift; path = LocationFetcher.swift; sourceTree = "<group>"; };
		857C07FE2BCF92C3006B67C8 /* Location.swift */ = {isa = PBXFileReference; lastKnownFileType = sourcecode.swift; path = Location.swift; sourceTree = "<group>"; };
/* End PBXFileReference section */

/* Begin PBXFrameworksBuildPhase section */
		852663FF2BCBC8E600E3C7C2 /* Frameworks */ = {
			isa = PBXFrameworksBuildPhase;
			buildActionMask = 2147483647;
			files = (
			);
			runOnlyForDeploymentPostprocessing = 0;
		};
/* End PBXFrameworksBuildPhase section */

/* Begin PBXGroup section */
		852663F92BCBC8E600E3C7C2 = {
			isa = PBXGroup;
			children = (
				852664042BCBC8E600E3C7C2 /* MeetUpChallenge */,
				852664032BCBC8E600E3C7C2 /* Products */,
			);
			sourceTree = "<group>";
		};
		852664032BCBC8E600E3C7C2 /* Products */ = {
			isa = PBXGroup;
			children = (
				852664022BCBC8E600E3C7C2 /* MeetUpChallenge.app */,
			);
			name = Products;
			sourceTree = "<group>";
		};
		852664042BCBC8E600E3C7C2 /* MeetUpChallenge */ = {
			isa = PBXGroup;
			children = (
				852664052BCBC8E600E3C7C2 /* MeetUpChallengeApp.swift */,
				85879DD12BD05B5600E5987A /* View-ViewModel */,
				85879DD02BD05B3200E5987A /* Manager */,
				85879DCF2BD05B2400E5987A /* Model */,
				85879DD52BD05BA500E5987A /* Extensions */,
				852664092BCBC8E800E3C7C2 /* Assets.xcassets */,
				8526640B2BCBC8E800E3C7C2 /* Preview Content */,
			);
			path = MeetUpChallenge;
			sourceTree = "<group>";
		};
		8526640B2BCBC8E800E3C7C2 /* Preview Content */ = {
			isa = PBXGroup;
			children = (
				8526640C2BCBC8E800E3C7C2 /* Preview Assets.xcassets */,
			);
			path = "Preview Content";
			sourceTree = "<group>";
		};
		85879DCF2BD05B2400E5987A /* Model */ = {
			isa = PBXGroup;
			children = (
				852664172BCBF44E00E3C7C2 /* Person.swift */,
				857C07FE2BCF92C3006B67C8 /* Location.swift */,
			);
			path = Model;
			sourceTree = "<group>";
		};
		85879DD02BD05B3200E5987A /* Manager */ = {
			isa = PBXGroup;
			children = (
				857C07FC2BCF8B5A006B67C8 /* LocationFetcher.swift */,
			);
			path = Manager;
			sourceTree = "<group>";
		};
		85879DD12BD05B5600E5987A /* View-ViewModel */ = {
			isa = PBXGroup;
			children = (
				85879DD22BD05B6200E5987A /* Content-View */,
				85879DD32BD05B6A00E5987A /* Add-View */,
				85879DD42BD05B7400E5987A /* Detail-View */,
			);
			path = "View-ViewModel";
			sourceTree = "<group>";
		};
		85879DD22BD05B6200E5987A /* Content-View */ = {
			isa = PBXGroup;
			children = (
				852664072BCBC8E600E3C7C2 /* ContentView.swift */,
				857C07F42BCE4365006B67C8 /* ContentView-ViewModel.swift */,
			);
			path = "Content-View";
			sourceTree = "<group>";
		};
		85879DD32BD05B6A00E5987A /* Add-View */ = {
			isa = PBXGroup;
			children = (
				852664192BCC007100E3C7C2 /* AddView.swift */,
				857C07F62BCE43EF006B67C8 /* AddView-ViewModel.swift */,
			);
			path = "Add-View";
			sourceTree = "<group>";
		};
		85879DD42BD05B7400E5987A /* Detail-View */ = {
			isa = PBXGroup;
			children = (
				857C07FA2BCE4E93006B67C8 /* DetailView.swift */,
			);
			path = "Detail-View";
			sourceTree = "<group>";
		};
		85879DD52BD05BA500E5987A /* Extensions */ = {
			isa = PBXGroup;
			children = (
				857C07F82BCE459A006B67C8 /* Filemanager-Extension.swift */,
			);
			path = Extensions;
			sourceTree = "<group>";
		};
/* End PBXGroup section */

/* Begin PBXNativeTarget section */
		852664012BCBC8E600E3C7C2 /* MeetUpChallenge */ = {
			isa = PBXNativeTarget;
			buildConfigurationList = 852664102BCBC8E800E3C7C2 /* Build configuration list for PBXNativeTarget "MeetUpChallenge" */;
			buildPhases = (
				852663FE2BCBC8E600E3C7C2 /* Sources */,
				852663FF2BCBC8E600E3C7C2 /* Frameworks */,
				852664002BCBC8E600E3C7C2 /* Resources */,
			);
			buildRules = (
			);
			dependencies = (
			);
			name = MeetUpChallenge;
			productName = MeetUpChallenge;
			productReference = 852664022BCBC8E600E3C7C2 /* MeetUpChallenge.app */;
			productType = "com.apple.product-type.application";
		};
/* End PBXNativeTarget section */

/* Begin PBXProject section */
		852663FA2BCBC8E600E3C7C2 /* Project object */ = {
			isa = PBXProject;
			attributes = {
				BuildIndependentTargetsInParallel = 1;
				LastSwiftUpdateCheck = 1530;
				LastUpgradeCheck = 1530;
				TargetAttributes = {
					852664012BCBC8E600E3C7C2 = {
						CreatedOnToolsVersion = 15.3;
					};
				};
			};
			buildConfigurationList = 852663FD2BCBC8E600E3C7C2 /* Build configuration list for PBXProject "MeetUpChallenge" */;
			compatibilityVersion = "Xcode 14.0";
			developmentRegion = en;
			hasScannedForEncodings = 0;
			knownRegions = (
				en,
				Base,
			);
			mainGroup = 852663F92BCBC8E600E3C7C2;
			productRefGroup = 852664032BCBC8E600E3C7C2 /* Products */;
			projectDirPath = "";
			projectRoot = "";
			targets = (
				852664012BCBC8E600E3C7C2 /* MeetUpChallenge */,
			);
		};
/* End PBXProject section */

/* Begin PBXResourcesBuildPhase section */
		852664002BCBC8E600E3C7C2 /* Resources */ = {
			isa = PBXResourcesBuildPhase;
			buildActionMask = 2147483647;
			files = (
				8526640D2BCBC8E800E3C7C2 /* Preview Assets.xcassets in Resources */,
				8526640A2BCBC8E800E3C7C2 /* Assets.xcassets in Resources */,
			);
			runOnlyForDeploymentPostprocessing = 0;
		};
/* End PBXResourcesBuildPhase section */

/* Begin PBXSourcesBuildPhase section */
		852663FE2BCBC8E600E3C7C2 /* Sources */ = {
			isa = PBXSourcesBuildPhase;
			buildActionMask = 2147483647;
			files = (
				852664182BCBF44E00E3C7C2 /* Person.swift in Sources */,
				857C07FB2BCE4E93006B67C8 /* DetailView.swift in Sources */,
				857C07FF2BCF92C3006B67C8 /* Location.swift in Sources */,
				857C07F72BCE43EF006B67C8 /* AddView-ViewModel.swift in Sources */,
				857C07F52BCE4365006B67C8 /* ContentView-ViewModel.swift in Sources */,
				857C07F92BCE459A006B67C8 /* Filemanager-Extension.swift in Sources */,
				8526641A2BCC007100E3C7C2 /* AddView.swift in Sources */,
				852664082BCBC8E600E3C7C2 /* ContentView.swift in Sources */,
				852664062BCBC8E600E3C7C2 /* MeetUpChallengeApp.swift in Sources */,
				857C07FD2BCF8B5A006B67C8 /* LocationFetcher.swift in Sources */,
			);
			runOnlyForDeploymentPostprocessing = 0;
		};
/* End PBXSourcesBuildPhase section */

/* Begin XCBuildConfiguration section */
		8526640E2BCBC8E800E3C7C2 /* Debug */ = {
			isa = XCBuildConfiguration;
			buildSettings = {
				ALWAYS_SEARCH_USER_PATHS = NO;
				ASSETCATALOG_COMPILER_GENERATE_SWIFT_ASSET_SYMBOL_EXTENSIONS = YES;
				CLANG_ANALYZER_NONNULL = YES;
				CLANG_ANALYZER_NUMBER_OBJECT_CONVERSION = YES_AGGRESSIVE;
				CLANG_CXX_LANGUAGE_STANDARD = "gnu++20";
				CLANG_ENABLE_MODULES = YES;
				CLANG_ENABLE_OBJC_ARC = YES;
				CLANG_ENABLE_OBJC_WEAK = YES;
				CLANG_WARN_BLOCK_CAPTURE_AUTORELEASING = YES;
				CLANG_WARN_BOOL_CONVERSION = YES;
				CLANG_WARN_COMMA = YES;
				CLANG_WARN_CONSTANT_CONVERSION = YES;
				CLANG_WARN_DEPRECATED_OBJC_IMPLEMENTATIONS = YES;
				CLANG_WARN_DIRECT_OBJC_ISA_USAGE = YES_ERROR;
				CLANG_WARN_DOCUMENTATION_COMMENTS = YES;
				CLANG_WARN_EMPTY_BODY = YES;
				CLANG_WARN_ENUM_CONVERSION = YES;
				CLANG_WARN_INFINITE_RECURSION = YES;
				CLANG_WARN_INT_CONVERSION = YES;
				CLANG_WARN_NON_LITERAL_NULL_CONVERSION = YES;
				CLANG_WARN_OBJC_IMPLICIT_RETAIN_SELF = YES;
				CLANG_WARN_OBJC_LITERAL_CONVERSION = YES;
				CLANG_WARN_OBJC_ROOT_CLASS = YES_ERROR;
				CLANG_WARN_QUOTED_INCLUDE_IN_FRAMEWORK_HEADER = YES;
				CLANG_WARN_RANGE_LOOP_ANALYSIS = YES;
				CLANG_WARN_STRICT_PROTOTYPES = YES;
				CLANG_WARN_SUSPICIOUS_MOVE = YES;
				CLANG_WARN_UNGUARDED_AVAILABILITY = YES_AGGRESSIVE;
				CLANG_WARN_UNREACHABLE_CODE = YES;
				CLANG_WARN__DUPLICATE_METHOD_MATCH = YES;
				COPY_PHASE_STRIP = NO;
				DEBUG_INFORMATION_FORMAT = dwarf;
				ENABLE_STRICT_OBJC_MSGSEND = YES;
				ENABLE_TESTABILITY = YES;
				ENABLE_USER_SCRIPT_SANDBOXING = YES;
				GCC_C_LANGUAGE_STANDARD = gnu17;
				GCC_DYNAMIC_NO_PIC = NO;
				GCC_NO_COMMON_BLOCKS = YES;
				GCC_OPTIMIZATION_LEVEL = 0;
				GCC_PREPROCESSOR_DEFINITIONS = (
					"DEBUG=1",
					"$(inherited)",
				);
				GCC_WARN_64_TO_32_BIT_CONVERSION = YES;
				GCC_WARN_ABOUT_RETURN_TYPE = YES_ERROR;
				GCC_WARN_UNDECLARED_SELECTOR = YES;
				GCC_WARN_UNINITIALIZED_AUTOS = YES_AGGRESSIVE;
				GCC_WARN_UNUSED_FUNCTION = YES;
				GCC_WARN_UNUSED_VARIABLE = YES;
				IPHONEOS_DEPLOYMENT_TARGET = 17.4;
				LOCALIZATION_PREFERS_STRING_CATALOGS = YES;
				MTL_ENABLE_DEBUG_INFO = INCLUDE_SOURCE;
				MTL_FAST_MATH = YES;
				ONLY_ACTIVE_ARCH = YES;
				SDKROOT = iphoneos;
				SWIFT_ACTIVE_COMPILATION_CONDITIONS = "DEBUG $(inherited)";
				SWIFT_OPTIMIZATION_LEVEL = "-Onone";
			};
			name = Debug;
		};
		8526640F2BCBC8E800E3C7C2 /* Release */ = {
			isa = XCBuildConfiguration;
			buildSettings = {
				ALWAYS_SEARCH_USER_PATHS = NO;
				ASSETCATALOG_COMPILER_GENERATE_SWIFT_ASSET_SYMBOL_EXTENSIONS = YES;
				CLANG_ANALYZER_NONNULL = YES;
				CLANG_ANALYZER_NUMBER_OBJECT_CONVERSION = YES_AGGRESSIVE;
				CLANG_CXX_LANGUAGE_STANDARD = "gnu++20";
				CLANG_ENABLE_MODULES = YES;
				CLANG_ENABLE_OBJC_ARC = YES;
				CLANG_ENABLE_OBJC_WEAK = YES;
				CLANG_WARN_BLOCK_CAPTURE_AUTORELEASING = YES;
				CLANG_WARN_BOOL_CONVERSION = YES;
				CLANG_WARN_COMMA = YES;
				CLANG_WARN_CONSTANT_CONVERSION = YES;
				CLANG_WARN_DEPRECATED_OBJC_IMPLEMENTATIONS = YES;
				CLANG_WARN_DIRECT_OBJC_ISA_USAGE = YES_ERROR;
				CLANG_WARN_DOCUMENTATION_COMMENTS = YES;
				CLANG_WARN_EMPTY_BODY = YES;
				CLANG_WARN_ENUM_CONVERSION = YES;
				CLANG_WARN_INFINITE_RECURSION = YES;
				CLANG_WARN_INT_CONVERSION = YES;
				CLANG_WARN_NON_LITERAL_NULL_CONVERSION = YES;
				CLANG_WARN_OBJC_IMPLICIT_RETAIN_SELF = YES;
				CLANG_WARN_OBJC_LITERAL_CONVERSION = YES;
				CLANG_WARN_OBJC_ROOT_CLASS = YES_ERROR;
				CLANG_WARN_QUOTED_INCLUDE_IN_FRAMEWORK_HEADER = YES;
				CLANG_WARN_RANGE_LOOP_ANALYSIS = YES;
				CLANG_WARN_STRICT_PROTOTYPES = YES;
				CLANG_WARN_SUSPICIOUS_MOVE = YES;
				CLANG_WARN_UNGUARDED_AVAILABILITY = YES_AGGRESSIVE;
				CLANG_WARN_UNREACHABLE_CODE = YES;
				CLANG_WARN__DUPLICATE_METHOD_MATCH = YES;
				COPY_PHASE_STRIP = NO;
				DEBUG_INFORMATION_FORMAT = "dwarf-with-dsym";
				ENABLE_NS_ASSERTIONS = NO;
				ENABLE_STRICT_OBJC_MSGSEND = YES;
				ENABLE_USER_SCRIPT_SANDBOXING = YES;
				GCC_C_LANGUAGE_STANDARD = gnu17;
				GCC_NO_COMMON_BLOCKS = YES;
				GCC_WARN_64_TO_32_BIT_CONVERSION = YES;
				GCC_WARN_ABOUT_RETURN_TYPE = YES_ERROR;
				GCC_WARN_UNDECLARED_SELECTOR = YES;
				GCC_WARN_UNINITIALIZED_AUTOS = YES_AGGRESSIVE;
				GCC_WARN_UNUSED_FUNCTION = YES;
				GCC_WARN_UNUSED_VARIABLE = YES;
				IPHONEOS_DEPLOYMENT_TARGET = 17.4;
				LOCALIZATION_PREFERS_STRING_CATALOGS = YES;
				MTL_ENABLE_DEBUG_INFO = NO;
				MTL_FAST_MATH = YES;
				SDKROOT = iphoneos;
				SWIFT_COMPILATION_MODE = wholemodule;
				VALIDATE_PRODUCT = YES;
			};
			name = Release;
		};
		852664112BCBC8E800E3C7C2 /* Debug */ = {
			isa = XCBuildConfiguration;
			buildSettings = {
				ASSETCATALOG_COMPILER_APPICON_NAME = AppIcon;
				ASSETCATALOG_COMPILER_GLOBAL_ACCENT_COLOR_NAME = AccentColor;
				CODE_SIGN_STYLE = Automatic;
				CURRENT_PROJECT_VERSION = 1;
				DEVELOPMENT_ASSET_PATHS = "\"MeetUpChallenge/Preview Content\"";
				ENABLE_PREVIEWS = YES;
				GENERATE_INFOPLIST_FILE = YES;
				INFOPLIST_KEY_NSLocationWhenInUseUsageDescription = "Location is needed to save your meet.";
				INFOPLIST_KEY_UIApplicationSceneManifest_Generation = YES;
				INFOPLIST_KEY_UIApplicationSupportsIndirectInputEvents = YES;
				INFOPLIST_KEY_UILaunchScreen_Generation = YES;
				INFOPLIST_KEY_UISupportedInterfaceOrientations_iPad = "UIInterfaceOrientationPortrait UIInterfaceOrientationPortraitUpsideDown UIInterfaceOrientationLandscapeLeft UIInterfaceOrientationLandscapeRight";
				INFOPLIST_KEY_UISupportedInterfaceOrientations_iPhone = "UIInterfaceOrientationPortrait UIInterfaceOrientationLandscapeLeft UIInterfaceOrientationLandscapeRight";
				LD_RUNPATH_SEARCH_PATHS = (
					"$(inherited)",
					"@executable_path/Frameworks",
				);
				MARKETING_VERSION = 1.0;
				PRODUCT_BUNDLE_IDENTIFIER = me.yordan.dimitrov.MeetUpChallenge;
				PRODUCT_NAME = "$(TARGET_NAME)";
				SWIFT_EMIT_LOC_STRINGS = YES;
				SWIFT_VERSION = 5.0;
				TARGETED_DEVICE_FAMILY = "1,2";
			};
			name = Debug;
		};
		852664122BCBC8E800E3C7C2 /* Release */ = {
			isa = XCBuildConfiguration;
			buildSettings = {
				ASSETCATALOG_COMPILER_APPICON_NAME = AppIcon;
				ASSETCATALOG_COMPILER_GLOBAL_ACCENT_COLOR_NAME = AccentColor;
				CODE_SIGN_STYLE = Automatic;
				CURRENT_PROJECT_VERSION = 1;
				DEVELOPMENT_ASSET_PATHS = "\"MeetUpChallenge/Preview Content\"";
				ENABLE_PREVIEWS = YES;
				GENERATE_INFOPLIST_FILE = YES;
				INFOPLIST_KEY_NSLocationWhenInUseUsageDescription = "Location is needed to save your meet.";
				INFOPLIST_KEY_UIApplicationSceneManifest_Generation = YES;
				INFOPLIST_KEY_UIApplicationSupportsIndirectInputEvents = YES;
				INFOPLIST_KEY_UILaunchScreen_Generation = YES;
				INFOPLIST_KEY_UISupportedInterfaceOrientations_iPad = "UIInterfaceOrientationPortrait UIInterfaceOrientationPortraitUpsideDown UIInterfaceOrientationLandscapeLeft UIInterfaceOrientationLandscapeRight";
				INFOPLIST_KEY_UISupportedInterfaceOrientations_iPhone = "UIInterfaceOrientationPortrait UIInterfaceOrientationLandscapeLeft UIInterfaceOrientationLandscapeRight";
				LD_RUNPATH_SEARCH_PATHS = (
					"$(inherited)",
					"@executable_path/Frameworks",
				);
				MARKETING_VERSION = 1.0;
				PRODUCT_BUNDLE_IDENTIFIER = me.yordan.dimitrov.MeetUpChallenge;
				PRODUCT_NAME = "$(TARGET_NAME)";
				SWIFT_EMIT_LOC_STRINGS = YES;
				SWIFT_VERSION = 5.0;
				TARGETED_DEVICE_FAMILY = "1,2";
			};
			name = Release;
		};
/* End XCBuildConfiguration section */

/* Begin XCConfigurationList section */
		852663FD2BCBC8E600E3C7C2 /* Build configuration list for PBXProject "MeetUpChallenge" */ = {
			isa = XCConfigurationList;
			buildConfigurations = (
				8526640E2BCBC8E800E3C7C2 /* Debug */,
				8526640F2BCBC8E800E3C7C2 /* Release */,
			);
			defaultConfigurationIsVisible = 0;
			defaultConfigurationName = Release;
		};
		852664102BCBC8E800E3C7C2 /* Build configuration list for PBXNativeTarget "MeetUpChallenge" */ = {
			isa = XCConfigurationList;
			buildConfigurations = (
				852664112BCBC8E800E3C7C2 /* Debug */,
				852664122BCBC8E800E3C7C2 /* Release */,
			);
			defaultConfigurationIsVisible = 0;
			defaultConfigurationName = Release;
		};
/* End XCConfigurationList section */
	};
	rootObject = 852663FA2BCBC8E600E3C7C2 /* Project object */;
}
